Microsoft Visual Studio Solution File, Format Version 12.00
# Visual Studio Version 17
VisualStudioVersion = 17.5.2.0
MinimumVisualStudioVersion = 10.0.40219.1
Project("{FAE04EC0-301F-11D3-BF4B-00C04F79EFBC}") = "MongoConsultas", "consultas-mongo-db\MongoConsultas.csproj", "{B5523378-86F3-9D0E-6CE9-F2232B78888E}"
EndProject
Global
	GlobalSection(SolutionConfigurationPlatforms) = preSolution
		Debug|Any CPU = Debug|Any CPU
		Release|Any CPU = Release|Any CPU
	EndGlobalSection
	GlobalSection(ProjectConfigurationPlatforms) = postSolution
		{B5523378-86F3-9D0E-6CE9-F2232B78888E}.Debug|Any CPU.ActiveCfg = Debug|Any CPU
		{B5523378-86F3-9D0E-6CE9-F2232B78888E}.Debug|Any CPU.Build.0 = Debug|Any CPU
		{B5523378-86F3-9D0E-6CE9-F2232B78888E}.Release|Any CPU.ActiveCfg = Release|Any CPU
		{B5523378-86F3-9D0E-6CE9-F2232B78888E}.Release|Any CPU.Build.0 = Release|Any CPU
	EndGlobalSection
	GlobalSection(SolutionProperties) = preSolution
		HideSolutionNode = FALSE
	EndGlobalSection
	GlobalSection(ExtensibilityGlobals) = postSolution
		SolutionGuid = {EDE1FE02-5B0B-4AC1-BDB3-41ACD4B50DC3}
	EndGlobalSection
EndGlobal
